// !$*UTF8*$!
{
	archiveVersion = 1;
	classes = {
	};
	objectVersion = 55;
	objects = {

/* Begin PBXBuildFile section */
		7C7676F128EAF86900FE544F /* FactoryVC.swift in Sources */ = {isa = PBXBuildFile; fileRef = 7C7676F028EAF86900FE544F /* FactoryVC.swift */; };
		7CA5915128C68B70009344AE /* AppDelegate.swift in Sources */ = {isa = PBXBuildFile; fileRef = 7CA5915028C68B70009344AE /* AppDelegate.swift */; };
		7CA5915328C68B70009344AE /* SceneDelegate.swift in Sources */ = {isa = PBXBuildFile; fileRef = 7CA5915228C68B70009344AE /* SceneDelegate.swift */; };
		7CA5915528C68B70009344AE /* ViewController.swift in Sources */ = {isa = PBXBuildFile; fileRef = 7CA5915428C68B70009344AE /* ViewController.swift */; };
		7CA5915A28C68B72009344AE /* Assets.xcassets in Resources */ = {isa = PBXBuildFile; fileRef = 7CA5915928C68B72009344AE /* Assets.xcassets */; };
		7CA5915D28C68B72009344AE /* LaunchScreen.storyboard in Resources */ = {isa = PBXBuildFile; fileRef = 7CA5915B28C68B72009344AE /* LaunchScreen.storyboard */; };
		7CA5916728C68F35009344AE /* ListViewController.swift in Sources */ = {isa = PBXBuildFile; fileRef = 7CA5916628C68F35009344AE /* ListViewController.swift */; };
		7CA5916928C68F96009344AE /* ListView.swift in Sources */ = {isa = PBXBuildFile; fileRef = 7CA5916828C68F95009344AE /* ListView.swift */; };
		7CA5916C28C73EEE009344AE /* FileManagerService.swift in Sources */ = {isa = PBXBuildFile; fileRef = 7CA5916B28C73EEE009344AE /* FileManagerService.swift */; };
		7CA5917428D66186009344AE /* ListFlowCoordinator.swift in Sources */ = {isa = PBXBuildFile; fileRef = 7CA5917328D66185009344AE /* ListFlowCoordinator.swift */; };
		7CA591B628E3207E009344AE /* SettingsViewController.swift in Sources */ = {isa = PBXBuildFile; fileRef = 7CA591B528E3207C009344AE /* SettingsViewController.swift */; };
		7CA591B828E3213A009344AE /* MainCoordinator.swift in Sources */ = {isa = PBXBuildFile; fileRef = 7CA591B728E3213A009344AE /* MainCoordinator.swift */; };
		7CA591BC28E48B45009344AE /* SettingsView.swift in Sources */ = {isa = PBXBuildFile; fileRef = 7CA591BB28E48B45009344AE /* SettingsView.swift */; };
		7CA591BE28E59948009344AE /* ImageViewController.swift in Sources */ = {isa = PBXBuildFile; fileRef = 7CA591BD28E59948009344AE /* ImageViewController.swift */; };
		7CA591C028E5ADC6009344AE /* SettingTableViewCell.swift in Sources */ = {isa = PBXBuildFile; fileRef = 7CA591BF28E5ADC6009344AE /* SettingTableViewCell.swift */; };
		7CA591C228E5E58F009344AE /* PasswordViewController.swift in Sources */ = {isa = PBXBuildFile; fileRef = 7CA591C128E5E58F009344AE /* PasswordViewController.swift */; };
		7CA591C728E6C548009344AE /* SettingsStore.swift in Sources */ = {isa = PBXBuildFile; fileRef = 7CA591C628E6C548009344AE /* SettingsStore.swift */; };
		7CA591C928E71B53009344AE /* PasswordView.swift in Sources */ = {isa = PBXBuildFile; fileRef = 7CA591C828E71B53009344AE /* PasswordView.swift */; };
		7CA591CB28E732EE009344AE /* PasswordService.swift in Sources */ = {isa = PBXBuildFile; fileRef = 7CA591CA28E732EE009344AE /* PasswordService.swift */; };
/* End PBXBuildFile section */

/* Begin PBXFileReference section */
		7C7676F028EAF86900FE544F /* FactoryVC.swift */ = {isa = PBXFileReference; lastKnownFileType = sourcecode.swift; path = FactoryVC.swift; sourceTree = "<group>"; };
		7CA5914D28C68B70009344AE /* protectedPhotos.app */ = {isa = PBXFileReference; explicitFileType = wrapper.application; includeInIndex = 0; path = protectedPhotos.app; sourceTree = BUILT_PRODUCTS_DIR; };
		7CA5915028C68B70009344AE /* AppDelegate.swift */ = {isa = PBXFileReference; lastKnownFileType = sourcecode.swift; path = AppDelegate.swift; sourceTree = "<group>"; };
		7CA5915228C68B70009344AE /* SceneDelegate.swift */ = {isa = PBXFileReference; lastKnownFileType = sourcecode.swift; path = SceneDelegate.swift; sourceTree = "<group>"; };
		7CA5915428C68B70009344AE /* ViewController.swift */ = {isa = PBXFileReference; lastKnownFileType = sourcecode.swift; path = ViewController.swift; sourceTree = "<group>"; };
		7CA5915928C68B72009344AE /* Assets.xcassets */ = {isa = PBXFileReference; lastKnownFileType = folder.assetcatalog; path = Assets.xcassets; sourceTree = "<group>"; };
		7CA5915C28C68B72009344AE /* Base */ = {isa = PBXFileReference; lastKnownFileType = file.storyboard; name = Base; path = Base.lproj/LaunchScreen.storyboard; sourceTree = "<group>"; };
		7CA5915E28C68B72009344AE /* Info.plist */ = {isa = PBXFileReference; lastKnownFileType = text.plist.xml; path = Info.plist; sourceTree = "<group>"; };
		7CA5916628C68F35009344AE /* ListViewController.swift */ = {isa = PBXFileReference; lastKnownFileType = sourcecode.swift; name = ListViewController.swift; path = protectedPhotos/ListViewController.swift; sourceTree = SOURCE_ROOT; };
		7CA5916828C68F95009344AE /* ListView.swift */ = {isa = PBXFileReference; lastKnownFileType = sourcecode.swift; path = ListView.swift; sourceTree = "<group>"; };
		7CA5916B28C73EEE009344AE /* FileManagerService.swift */ = {isa = PBXFileReference; lastKnownFileType = sourcecode.swift; path = FileManagerService.swift; sourceTree = "<group>"; };
		7CA5917328D66185009344AE /* ListFlowCoordinator.swift */ = {isa = PBXFileReference; lastKnownFileType = sourcecode.swift; path = ListFlowCoordinator.swift; sourceTree = "<group>"; };
		7CA591B528E3207C009344AE /* SettingsViewController.swift */ = {isa = PBXFileReference; lastKnownFileType = sourcecode.swift; path = SettingsViewController.swift; sourceTree = "<group>"; };
		7CA591B728E3213A009344AE /* MainCoordinator.swift */ = {isa = PBXFileReference; lastKnownFileType = sourcecode.swift; path = MainCoordinator.swift; sourceTree = "<group>"; };
		7CA591BB28E48B45009344AE /* SettingsView.swift */ = {isa = PBXFileReference; lastKnownFileType = sourcecode.swift; path = SettingsView.swift; sourceTree = "<group>"; };
		7CA591BD28E59948009344AE /* ImageViewController.swift */ = {isa = PBXFileReference; lastKnownFileType = sourcecode.swift; path = ImageViewController.swift; sourceTree = "<group>"; };
		7CA591BF28E5ADC6009344AE /* SettingTableViewCell.swift */ = {isa = PBXFileReference; lastKnownFileType = sourcecode.swift; path = SettingTableViewCell.swift; sourceTree = "<group>"; };
		7CA591C128E5E58F009344AE /* PasswordViewController.swift */ = {isa = PBXFileReference; lastKnownFileType = sourcecode.swift; path = PasswordViewController.swift; sourceTree = "<group>"; };
		7CA591C628E6C548009344AE /* SettingsStore.swift */ = {isa = PBXFileReference; lastKnownFileType = sourcecode.swift; path = SettingsStore.swift; sourceTree = "<group>"; };
		7CA591C828E71B53009344AE /* PasswordView.swift */ = {isa = PBXFileReference; lastKnownFileType = sourcecode.swift; path = PasswordView.swift; sourceTree = "<group>"; };
		7CA591CA28E732EE009344AE /* PasswordService.swift */ = {isa = PBXFileReference; lastKnownFileType = sourcecode.swift; path = PasswordService.swift; sourceTree = "<group>"; };
/* End PBXFileReference section */

/* Begin PBXFrameworksBuildPhase section */
		7CA5914A28C68B70009344AE /* Frameworks */ = {
			isa = PBXFrameworksBuildPhase;
			buildActionMask = 2147483647;
			files = (
			);
			runOnlyForDeploymentPostprocessing = 0;
		};
/* End PBXFrameworksBuildPhase section */

/* Begin PBXGroup section */
		7CA5914428C68B6F009344AE = {
			isa = PBXGroup;
			children = (
				7CA5914F28C68B70009344AE /* protectedPhotos */,
				7CA5914E28C68B70009344AE /* Products */,
			);
			sourceTree = "<group>";
		};
		7CA5914E28C68B70009344AE /* Products */ = {
			isa = PBXGroup;
			children = (
				7CA5914D28C68B70009344AE /* protectedPhotos.app */,
			);
			name = Products;
			sourceTree = "<group>";
		};
		7CA5914F28C68B70009344AE /* protectedPhotos */ = {
			isa = PBXGroup;
			children = (
				7CA5917228D66134009344AE /* Presentation */,
				7CA5917128D660F8009344AE /* Navigators */,
				7C7676F028EAF86900FE544F /* FactoryVC.swift */,
				7CA5915428C68B70009344AE /* ViewController.swift */,
				7CA591C128E5E58F009344AE /* PasswordViewController.swift */,
				7CA5916628C68F35009344AE /* ListViewController.swift */,
				7CA591BF28E5ADC6009344AE /* SettingTableViewCell.swift */,
				7CA591BD28E59948009344AE /* ImageViewController.swift */,
				7CA591B528E3207C009344AE /* SettingsViewController.swift */,
				7CA5916A28C73EC9009344AE /* Services */,
				7CA5916528C68BEE009344AE /* Application */,
				7CA5916428C68BA1009344AE /* Resources */,
				7CA5916828C68F95009344AE /* ListView.swift */,
				7CA591BB28E48B45009344AE /* SettingsView.swift */,
				7CA591C828E71B53009344AE /* PasswordView.swift */,
			);
			path = protectedPhotos;
			sourceTree = "<group>";
		};
		7CA5916428C68BA1009344AE /* Resources */ = {
			isa = PBXGroup;
			children = (
				7CA5915928C68B72009344AE /* Assets.xcassets */,
				7CA5915B28C68B72009344AE /* LaunchScreen.storyboard */,
				7CA5915E28C68B72009344AE /* Info.plist */,
			);
			path = Resources;
			sourceTree = "<group>";
		};
		7CA5916528C68BEE009344AE /* Application */ = {
			isa = PBXGroup;
			children = (
				7CA5915028C68B70009344AE /* AppDelegate.swift */,
				7CA5915228C68B70009344AE /* SceneDelegate.swift */,
			);
			path = Application;
			sourceTree = "<group>";
		};
		7CA5916A28C73EC9009344AE /* Services */ = {
			isa = PBXGroup;
			children = (
				7CA5916B28C73EEE009344AE /* FileManagerService.swift */,
				7CA591CA28E732EE009344AE /* PasswordService.swift */,
				7CA591C628E6C548009344AE /* SettingsStore.swift */,
			);
			path = Services;
			sourceTree = "<group>";
		};
		7CA5917128D660F8009344AE /* Navigators */ = {
			isa = PBXGroup;
			children = (
				7CA5917328D66185009344AE /* ListFlowCoordinator.swift */,
				7CA591B728E3213A009344AE /* MainCoordinator.swift */,
			);
			path = Navigators;
			sourceTree = "<group>";
		};
		7CA5917228D66134009344AE /* Presentation */ = {
			isa = PBXGroup;
			children = (
			);
			path = Presentation;
			sourceTree = "<group>";
		};
/* End PBXGroup section */

/* Begin PBXNativeTarget section */
		7CA5914C28C68B70009344AE /* protectedPhotos */ = {
			isa = PBXNativeTarget;
			buildConfigurationList = 7CA5916128C68B72009344AE /* Build configuration list for PBXNativeTarget "protectedPhotos" */;
			buildPhases = (
				7CA5914928C68B70009344AE /* Sources */,
				7CA5914A28C68B70009344AE /* Frameworks */,
				7CA5914B28C68B70009344AE /* Resources */,
			);
			buildRules = (
			);
			dependencies = (
			);
			name = protectedPhotos;
			productName = protectedPhotos;
			productReference = 7CA5914D28C68B70009344AE /* protectedPhotos.app */;
			productType = "com.apple.product-type.application";
		};
/* End PBXNativeTarget section */

/* Begin PBXProject section */
		7CA5914528C68B6F009344AE /* Project object */ = {
			isa = PBXProject;
			attributes = {
				BuildIndependentTargetsInParallel = 1;
				LastSwiftUpdateCheck = 1320;
				LastUpgradeCheck = 1320;
				TargetAttributes = {
					7CA5914C28C68B70009344AE = {
						CreatedOnToolsVersion = 13.2.1;
					};
				};
			};
			buildConfigurationList = 7CA5914828C68B6F009344AE /* Build configuration list for PBXProject "protectedPhotos" */;
			compatibilityVersion = "Xcode 13.0";
			developmentRegion = en;
			hasScannedForEncodings = 0;
			knownRegions = (
				en,
				Base,
			);
			mainGroup = 7CA5914428C68B6F009344AE;
			productRefGroup = 7CA5914E28C68B70009344AE /* Products */;
			projectDirPath = "";
			projectRoot = "";
			targets = (
				7CA5914C28C68B70009344AE /* protectedPhotos */,
			);
		};
/* End PBXProject section */

/* Begin PBXResourcesBuildPhase section */
		7CA5914B28C68B70009344AE /* Resources */ = {
			isa = PBXResourcesBuildPhase;
			buildActionMask = 2147483647;
			files = (
				7CA5915D28C68B72009344AE /* LaunchScreen.storyboard in Resources */,
				7CA5915A28C68B72009344AE /* Assets.xcassets in Resources */,
			);
			runOnlyForDeploymentPostprocessing = 0;
		};
/* End PBXResourcesBuildPhase section */

/* Begin PBXSourcesBuildPhase section */
		7CA5914928C68B70009344AE /* Sources */ = {
			isa = PBXSourcesBuildPhase;
			buildActionMask = 2147483647;
			files = (
				7CA5915528C68B70009344AE /* ViewController.swift in Sources */,
				7CA5915128C68B70009344AE /* AppDelegate.swift in Sources */,
				7CA5916928C68F96009344AE /* ListView.swift in Sources */,
				7CA591C228E5E58F009344AE /* PasswordViewController.swift in Sources */,
				7C7676F128EAF86900FE544F /* FactoryVC.swift in Sources */,
				7CA591CB28E732EE009344AE /* PasswordService.swift in Sources */,
				7CA5916728C68F35009344AE /* ListViewController.swift in Sources */,
				7CA5915328C68B70009344AE /* SceneDelegate.swift in Sources */,
				7CA5917428D66186009344AE /* ListFlowCoordinator.swift in Sources */,
				7CA5916C28C73EEE009344AE /* FileManagerService.swift in Sources */,
				7CA591C028E5ADC6009344AE /* SettingTableViewCell.swift in Sources */,
				7CA591B828E3213A009344AE /* MainCoordinator.swift in Sources */,
				7CA591C928E71B53009344AE /* PasswordView.swift in Sources */,
				7CA591C728E6C548009344AE /* SettingsStore.swift in Sources */,
				7CA591B628E3207E009344AE /* SettingsViewController.swift in Sources */,
				7CA591BE28E59948009344AE /* ImageViewController.swift in Sources */,
				7CA591BC28E48B45009344AE /* SettingsView.swift in Sources */,
			);
			runOnlyForDeploymentPostprocessing = 0;
		};
/* End PBXSourcesBuildPhase section */

/* Begin PBXVariantGroup section */
		7CA5915B28C68B72009344AE /* LaunchScreen.storyboard */ = {
			isa = PBXVariantGroup;
			children = (
				7CA5915C28C68B72009344AE /* Base */,
			);
			name = LaunchScreen.storyboard;
			sourceTree = "<group>";
		};
/* End PBXVariantGroup section */

/* Begin XCBuildConfiguration section */
		7CA5915F28C68B72009344AE /* Debug */ = {
			isa = XCBuildConfiguration;
			buildSettings = {
				ALWAYS_SEARCH_USER_PATHS = NO;
				CLANG_ANALYZER_NONNULL = YES;
				CLANG_ANALYZER_NUMBER_OBJECT_CONVERSION = YES_AGGRESSIVE;
				CLANG_CXX_LANGUAGE_STANDARD = "gnu++17";
				CLANG_CXX_LIBRARY = "libc++";
				CLANG_ENABLE_MODULES = YES;
				CLANG_ENABLE_OBJC_ARC = YES;
				CLANG_ENABLE_OBJC_WEAK = YES;
				CLANG_WARN_BLOCK_CAPTURE_AUTORELEASING = YES;
				CLANG_WARN_BOOL_CONVERSION = YES;
				CLANG_WARN_COMMA = YES;
				CLANG_WARN_CONSTANT_CONVERSION = YES;
				CLANG_WARN_DEPRECATED_OBJC_IMPLEMENTATIONS = YES;
				CLANG_WARN_DIRECT_OBJC_ISA_USAGE = YES_ERROR;
				CLANG_WARN_DOCUMENTATION_COMMENTS = YES;
				CLANG_WARN_EMPTY_BODY = YES;
				CLANG_WARN_ENUM_CONVERSION = YES;
				CLANG_WARN_INFINITE_RECURSION = YES;
				CLANG_WARN_INT_CONVERSION = YES;
				CLANG_WARN_NON_LITERAL_NULL_CONVERSION = YES;
				CLANG_WARN_OBJC_IMPLICIT_RETAIN_SELF = YES;
				CLANG_WARN_OBJC_LITERAL_CONVERSION = YES;
				CLANG_WARN_OBJC_ROOT_CLASS = YES_ERROR;
				CLANG_WARN_QUOTED_INCLUDE_IN_FRAMEWORK_HEADER = YES;
				CLANG_WARN_RANGE_LOOP_ANALYSIS = YES;
				CLANG_WARN_STRICT_PROTOTYPES = YES;
				CLANG_WARN_SUSPICIOUS_MOVE = YES;
				CLANG_WARN_UNGUARDED_AVAILABILITY = YES_AGGRESSIVE;
				CLANG_WARN_UNREACHABLE_CODE = YES;
				CLANG_WARN__DUPLICATE_METHOD_MATCH = YES;
				COPY_PHASE_STRIP = NO;
				DEBUG_INFORMATION_FORMAT = dwarf;
				ENABLE_STRICT_OBJC_MSGSEND = YES;
				ENABLE_TESTABILITY = YES;
				GCC_C_LANGUAGE_STANDARD = gnu11;
				GCC_DYNAMIC_NO_PIC = NO;
				GCC_NO_COMMON_BLOCKS = YES;
				GCC_OPTIMIZATION_LEVEL = 0;
				GCC_PREPROCESSOR_DEFINITIONS = (
					"DEBUG=1",
					"$(inherited)",
				);
				GCC_WARN_64_TO_32_BIT_CONVERSION = YES;
				GCC_WARN_ABOUT_RETURN_TYPE = YES_ERROR;
				GCC_WARN_UNDECLARED_SELECTOR = YES;
				GCC_WARN_UNINITIALIZED_AUTOS = YES_AGGRESSIVE;
				GCC_WARN_UNUSED_FUNCTION = YES;
				GCC_WARN_UNUSED_VARIABLE = YES;
				IPHONEOS_DEPLOYMENT_TARGET = 15.2;
				MTL_ENABLE_DEBUG_INFO = INCLUDE_SOURCE;
				MTL_FAST_MATH = YES;
				ONLY_ACTIVE_ARCH = YES;
				SDKROOT = iphoneos;
				SWIFT_ACTIVE_COMPILATION_CONDITIONS = DEBUG;
				SWIFT_OPTIMIZATION_LEVEL = "-Onone";
			};
			name = Debug;
		};
		7CA5916028C68B72009344AE /* Release */ = {
			isa = XCBuildConfiguration;
			buildSettings = {
				ALWAYS_SEARCH_USER_PATHS = NO;
				CLANG_ANALYZER_NONNULL = YES;
				CLANG_ANALYZER_NUMBER_OBJECT_CONVERSION = YES_AGGRESSIVE;
				CLANG_CXX_LANGUAGE_STANDARD = "gnu++17";
				CLANG_CXX_LIBRARY = "libc++";
				CLANG_ENABLE_MODULES = YES;
				CLANG_ENABLE_OBJC_ARC = YES;
				CLANG_ENABLE_OBJC_WEAK = YES;
				CLANG_WARN_BLOCK_CAPTURE_AUTORELEASING = YES;
				CLANG_WARN_BOOL_CONVERSION = YES;
				CLANG_WARN_COMMA = YES;
				CLANG_WARN_CONSTANT_CONVERSION = YES;
				CLANG_WARN_DEPRECATED_OBJC_IMPLEMENTATIONS = YES;
				CLANG_WARN_DIRECT_OBJC_ISA_USAGE = YES_ERROR;
				CLANG_WARN_DOCUMENTATION_COMMENTS = YES;
				CLANG_WARN_EMPTY_BODY = YES;
				CLANG_WARN_ENUM_CONVERSION = YES;
				CLANG_WARN_INFINITE_RECURSION = YES;
				CLANG_WARN_INT_CONVERSION = YES;
				CLANG_WARN_NON_LITERAL_NULL_CONVERSION = YES;
				CLANG_WARN_OBJC_IMPLICIT_RETAIN_SELF = YES;
				CLANG_WARN_OBJC_LITERAL_CONVERSION = YES;
				CLANG_WARN_OBJC_ROOT_CLASS = YES_ERROR;
				CLANG_WARN_QUOTED_INCLUDE_IN_FRAMEWORK_HEADER = YES;
				CLANG_WARN_RANGE_LOOP_ANALYSIS = YES;
				CLANG_WARN_STRICT_PROTOTYPES = YES;
				CLANG_WARN_SUSPICIOUS_MOVE = YES;
				CLANG_WARN_UNGUARDED_AVAILABILITY = YES_AGGRESSIVE;
				CLANG_WARN_UNREACHABLE_CODE = YES;
				CLANG_WARN__DUPLICATE_METHOD_MATCH = YES;
				COPY_PHASE_STRIP = NO;
				DEBUG_INFORMATION_FORMAT = "dwarf-with-dsym";
				ENABLE_NS_ASSERTIONS = NO;
				ENABLE_STRICT_OBJC_MSGSEND = YES;
				GCC_C_LANGUAGE_STANDARD = gnu11;
				GCC_NO_COMMON_BLOCKS = YES;
				GCC_WARN_64_TO_32_BIT_CONVERSION = YES;
				GCC_WARN_ABOUT_RETURN_TYPE = YES_ERROR;
				GCC_WARN_UNDECLARED_SELECTOR = YES;
				GCC_WARN_UNINITIALIZED_AUTOS = YES_AGGRESSIVE;
				GCC_WARN_UNUSED_FUNCTION = YES;
				GCC_WARN_UNUSED_VARIABLE = YES;
				IPHONEOS_DEPLOYMENT_TARGET = 15.2;
				MTL_ENABLE_DEBUG_INFO = NO;
				MTL_FAST_MATH = YES;
				SDKROOT = iphoneos;
				SWIFT_COMPILATION_MODE = wholemodule;
				SWIFT_OPTIMIZATION_LEVEL = "-O";
				VALIDATE_PRODUCT = YES;
			};
			name = Release;
		};
		7CA5916228C68B72009344AE /* Debug */ = {
			isa = XCBuildConfiguration;
			buildSettings = {
				ASSETCATALOG_COMPILER_APPICON_NAME = AppIcon;
				ASSETCATALOG_COMPILER_GLOBAL_ACCENT_COLOR_NAME = AccentColor;
				CODE_SIGN_STYLE = Automatic;
				CURRENT_PROJECT_VERSION = 1;
				DEVELOPMENT_TEAM = U4U42PQTLW;
				GENERATE_INFOPLIST_FILE = YES;
				INFOPLIST_FILE = protectedPhotos/Resources/Info.plist;
				INFOPLIST_KEY_UIApplicationSupportsIndirectInputEvents = YES;
				INFOPLIST_KEY_UILaunchStoryboardName = LaunchScreen;
				INFOPLIST_KEY_UISupportedInterfaceOrientations = UIInterfaceOrientationPortrait;
				INFOPLIST_KEY_UISupportedInterfaceOrientations_iPad = "UIInterfaceOrientationPortrait UIInterfaceOrientationPortraitUpsideDown UIInterfaceOrientationLandscapeLeft UIInterfaceOrientationLandscapeRight";
				INFOPLIST_KEY_UISupportedInterfaceOrientations_iPhone = "UIInterfaceOrientationPortrait UIInterfaceOrientationLandscapeLeft UIInterfaceOrientationLandscapeRight";
				LD_RUNPATH_SEARCH_PATHS = (
					"$(inherited)",
					"@executable_path/Frameworks",
				);
				MARKETING_VERSION = 1.0;
				PRODUCT_BUNDLE_IDENTIFIER = Teplukhin.protectedPhotos;
				PRODUCT_NAME = "$(TARGET_NAME)";
				SWIFT_EMIT_LOC_STRINGS = YES;
				SWIFT_VERSION = 5.0;
				TARGETED_DEVICE_FAMILY = 1;
			};
			name = Debug;
		};
		7CA5916328C68B72009344AE /* Release */ = {
			isa = XCBuildConfiguration;
			buildSettings = {
				ASSETCATALOG_COMPILER_APPICON_NAME = AppIcon;
				ASSETCATALOG_COMPILER_GLOBAL_ACCENT_COLOR_NAME = AccentColor;
				CODE_SIGN_STYLE = Automatic;
				CURRENT_PROJECT_VERSION = 1;
				DEVELOPMENT_TEAM = U4U42PQTLW;
				GENERATE_INFOPLIST_FILE = YES;
				INFOPLIST_FILE = protectedPhotos/Resources/Info.plist;
				INFOPLIST_KEY_UIApplicationSupportsIndirectInputEvents = YES;
				INFOPLIST_KEY_UILaunchStoryboardName = LaunchScreen;
				INFOPLIST_KEY_UISupportedInterfaceOrientations = UIInterfaceOrientationPortrait;
				INFOPLIST_KEY_UISupportedInterfaceOrientations_iPad = "UIInterfaceOrientationPortrait UIInterfaceOrientationPortraitUpsideDown UIInterfaceOrientationLandscapeLeft UIInterfaceOrientationLandscapeRight";
				INFOPLIST_KEY_UISupportedInterfaceOrientations_iPhone = "UIInterfaceOrientationPortrait UIInterfaceOrientationLandscapeLeft UIInterfaceOrientationLandscapeRight";
				LD_RUNPATH_SEARCH_PATHS = (
					"$(inherited)",
					"@executable_path/Frameworks",
				);
				MARKETING_VERSION = 1.0;
				PRODUCT_BUNDLE_IDENTIFIER = Teplukhin.protectedPhotos;
				PRODUCT_NAME = "$(TARGET_NAME)";
				SWIFT_EMIT_LOC_STRINGS = YES;
				SWIFT_VERSION = 5.0;
				TARGETED_DEVICE_FAMILY = 1;
			};
			name = Release;
		};
/* End XCBuildConfiguration section */

/* Begin XCConfigurationList section */
		7CA5914828C68B6F009344AE /* Build configuration list for PBXProject "protectedPhotos" */ = {
			isa = XCConfigurationList;
			buildConfigurations = (
				7CA5915F28C68B72009344AE /* Debug */,
				7CA5916028C68B72009344AE /* Release */,
			);
			defaultConfigurationIsVisible = 0;
			defaultConfigurationName = Release;
		};
		7CA5916128C68B72009344AE /* Build configuration list for PBXNativeTarget "protectedPhotos" */ = {
			isa = XCConfigurationList;
			buildConfigurations = (
				7CA5916228C68B72009344AE /* Debug */,
				7CA5916328C68B72009344AE /* Release */,
			);
			defaultConfigurationIsVisible = 0;
			defaultConfigurationName = Release;
		};
/* End XCConfigurationList section */
	};
	rootObject = 7CA5914528C68B6F009344AE /* Project object */;
}
